
Microsoft Visual Studio Solution File, Format Version 12.00
# Visual Studio 2017
Project("{FAE04EC0-301F-11D3-BF4B-00C04F79EFBC}") = "spacechaos.Plugins", "spacechaos.Plugins.csproj", "{062B73F2-24B8-B7F1-FED3-CED7B29845E3}"
EndProject
Project("{FAE04EC0-301F-11D3-BF4B-00C04F79EFBC}") = "spacechaos", "spacechaos.csproj", "{F4435B81-D381-994E-F050-BED188D618B6}"
EndProject
Project("{FAE04EC0-301F-11D3-BF4B-00C04F79EFBC}") = "spacechaos.Editor.Plugins", "spacechaos.Editor.Plugins.csproj", "{42AAC336-1804-C53B-9D61-B832B2624B36}"
EndProject
Global
	GlobalSection(SolutionConfigurationPlatforms) = preSolution
		Debug|Any CPU = Debug|Any CPU
		Release|Any CPU = Release|Any CPU
	EndGlobalSection
	GlobalSection(ProjectConfigurationPlatforms) = postSolution
		{062B73F2-24B8-B7F1-FED3-CED7B29845E3}.Debug|Any CPU.ActiveCfg = Debug|Any CPU
		{062B73F2-24B8-B7F1-FED3-CED7B29845E3}.Debug|Any CPU.Build.0 = Debug|Any CPU
		{062B73F2-24B8-B7F1-FED3-CED7B29845E3}.Release|Any CPU.ActiveCfg = Release|Any CPU
		{062B73F2-24B8-B7F1-FED3-CED7B29845E3}.Release|Any CPU.Build.0 = Release|Any CPU
		{F4435B81-D381-994E-F050-BED188D618B6}.Debug|Any CPU.ActiveCfg = Debug|Any CPU
		{F4435B81-D381-994E-F050-BED188D618B6}.Debug|Any CPU.Build.0 = Debug|Any CPU
		{F4435B81-D381-994E-F050-BED188D618B6}.Release|Any CPU.ActiveCfg = Release|Any CPU
		{F4435B81-D381-994E-F050-BED188D618B6}.Release|Any CPU.Build.0 = Release|Any CPU
		{42AAC336-1804-C53B-9D61-B832B2624B36}.Debug|Any CPU.ActiveCfg = Debug|Any CPU
		{42AAC336-1804-C53B-9D61-B832B2624B36}.Debug|Any CPU.Build.0 = Debug|Any CPU
		{42AAC336-1804-C53B-9D61-B832B2624B36}.Release|Any CPU.ActiveCfg = Release|Any CPU
		{42AAC336-1804-C53B-9D61-B832B2624B36}.Release|Any CPU.Build.0 = Release|Any CPU
	EndGlobalSection
	GlobalSection(SolutionProperties) = preSolution
		HideSolutionNode = FALSE
	EndGlobalSection
EndGlobal
